// !$*UTF8*$!
{
	archiveVersion = 1;
	classes = {
	};
	objectVersion = 48;
	objects = {

/* Begin PBXBuildFile section */
		BA1732C3132A8DC3641EF321 /* Pods_CarsListProjectUITests.framework in Frameworks */ = {isa = PBXBuildFile; fileRef = 8143330458274F28E9AE120D /* Pods_CarsListProjectUITests.framework */; };
		D10159E220F3F5C2007D790D /* AppDelegate.swift in Sources */ = {isa = PBXBuildFile; fileRef = D10159E120F3F5C2007D790D /* AppDelegate.swift */; };
		D10159E420F3F5C2007D790D /* CarDetailsVC.swift in Sources */ = {isa = PBXBuildFile; fileRef = D10159E320F3F5C2007D790D /* CarDetailsVC.swift */; };
		D10159E720F3F5C2007D790D /* Main.storyboard in Resources */ = {isa = PBXBuildFile; fileRef = D10159E520F3F5C2007D790D /* Main.storyboard */; };
		D10159E920F3F5C2007D790D /* Assets.xcassets in Resources */ = {isa = PBXBuildFile; fileRef = D10159E820F3F5C2007D790D /* Assets.xcassets */; };
		D10159EC20F3F5C2007D790D /* LaunchScreen.storyboard in Resources */ = {isa = PBXBuildFile; fileRef = D10159EA20F3F5C2007D790D /* LaunchScreen.storyboard */; };
		D10159F720F3F5C2007D790D /* CarsListProjectTests.swift in Sources */ = {isa = PBXBuildFile; fileRef = D10159F620F3F5C2007D790D /* CarsListProjectTests.swift */; };
		D1015A0220F3F5C2007D790D /* CarsListProjectUITests.swift in Sources */ = {isa = PBXBuildFile; fileRef = D1015A0120F3F5C2007D790D /* CarsListProjectUITests.swift */; };
		D1015A1020F3F779007D790D /* CarListVC.swift in Sources */ = {isa = PBXBuildFile; fileRef = D1015A0F20F3F779007D790D /* CarListVC.swift */; };
		D1015A1420F3F7BA007D790D /* CarCell.swift in Sources */ = {isa = PBXBuildFile; fileRef = D1015A1220F3F7BA007D790D /* CarCell.swift */; };
		D1015A1520F3F7BA007D790D /* CarCell.xib in Resources */ = {isa = PBXBuildFile; fileRef = D1015A1320F3F7BA007D790D /* CarCell.xib */; };
		D1015A1820F3F818007D790D /* CarModel.swift in Sources */ = {isa = PBXBuildFile; fileRef = D1015A1720F3F818007D790D /* CarModel.swift */; };
		D1172AED20F3FFED00D0247C /* DAO.swift in Sources */ = {isa = PBXBuildFile; fileRef = D1172AEC20F3FFED00D0247C /* DAO.swift */; };
		D1172AF120F4001B00D0247C /* ApiClient.swift in Sources */ = {isa = PBXBuildFile; fileRef = D1172AF020F4001B00D0247C /* ApiClient.swift */; };
		D1172AF420F6BB2900D0247C /* Box.swift in Sources */ = {isa = PBXBuildFile; fileRef = D1172AF320F6BB2900D0247C /* Box.swift */; };
		D18F815420FBE697008FF698 /* StaticStrings.swift in Sources */ = {isa = PBXBuildFile; fileRef = D18F815320FBE697008FF698 /* StaticStrings.swift */; };
		D18F815620FBE7EF008FF698 /* UIViewController + Util.swift in Sources */ = {isa = PBXBuildFile; fileRef = D18F815520FBE7EF008FF698 /* UIViewController + Util.swift */; };
		D1D1623820FA10C300DBA397 /* CarListVM.swift in Sources */ = {isa = PBXBuildFile; fileRef = D1D1623720FA10C300DBA397 /* CarListVM.swift */; };
		D1D1623A20FA169500DBA397 /* CarCellVM.swift in Sources */ = {isa = PBXBuildFile; fileRef = D1D1623920FA169500DBA397 /* CarCellVM.swift */; };
		D1DC637720FA68B50090B7F1 /* CarDetailsVM.swift in Sources */ = {isa = PBXBuildFile; fileRef = D1DC637620FA68B50090B7F1 /* CarDetailsVM.swift */; };
		D1DC637920FA77FF0090B7F1 /* AddCarVC.swift in Sources */ = {isa = PBXBuildFile; fileRef = D1DC637820FA77FF0090B7F1 /* AddCarVC.swift */; };
		D1DC637B20FAA7C40090B7F1 /* AddCarVM.swift in Sources */ = {isa = PBXBuildFile; fileRef = D1DC637A20FAA7C40090B7F1 /* AddCarVM.swift */; };
		D1DC637E20FB37E30090B7F1 /* TypeConverter.swift in Sources */ = {isa = PBXBuildFile; fileRef = D1DC637D20FB37E30090B7F1 /* TypeConverter.swift */; };
		D1DC638020FBA8C50090B7F1 /* State.swift in Sources */ = {isa = PBXBuildFile; fileRef = D1DC637F20FBA8C50090B7F1 /* State.swift */; };
		D497A7562224FF964776E20F /* Pods_CarsListProject.framework in Frameworks */ = {isa = PBXBuildFile; fileRef = 6B3472707A261CF08BD0D0F3 /* Pods_CarsListProject.framework */; };
		F1E9F67BFB984DE380A4F8C3 /* Pods_CarsListProjectTests.framework in Frameworks */ = {isa = PBXBuildFile; fileRef = 3BD7C6F6D562E37A7F410423 /* Pods_CarsListProjectTests.framework */; };
/* End PBXBuildFile section */

/* Begin PBXContainerItemProxy section */
		D10159F320F3F5C2007D790D /* PBXContainerItemProxy */ = {
			isa = PBXContainerItemProxy;
			containerPortal = D10159D620F3F5C2007D790D /* Project object */;
			proxyType = 1;
			remoteGlobalIDString = D10159DD20F3F5C2007D790D;
			remoteInfo = CarsListProject;
		};
		D10159FE20F3F5C2007D790D /* PBXContainerItemProxy */ = {
			isa = PBXContainerItemProxy;
			containerPortal = D10159D620F3F5C2007D790D /* Project object */;
			proxyType = 1;
			remoteGlobalIDString = D10159DD20F3F5C2007D790D;
			remoteInfo = CarsListProject;
		};
/* End PBXContainerItemProxy section */

/* Begin PBXFileReference section */
		20996C0D1081D665EB411E93 /* Pods-CarsListProject.release.xcconfig */ = {isa = PBXFileReference; includeInIndex = 1; lastKnownFileType = text.xcconfig; name = "Pods-CarsListProject.release.xcconfig"; path = "Pods/Target Support Files/Pods-CarsListProject/Pods-CarsListProject.release.xcconfig"; sourceTree = "<group>"; };
		23F16830155931E26161F882 /* Pods-CarsListProjectTests.release.xcconfig */ = {isa = PBXFileReference; includeInIndex = 1; lastKnownFileType = text.xcconfig; name = "Pods-CarsListProjectTests.release.xcconfig"; path = "Pods/Target Support Files/Pods-CarsListProjectTests/Pods-CarsListProjectTests.release.xcconfig"; sourceTree = "<group>"; };
		2E3328C86D3503229C1EC6E1 /* Pods-CarsListProjectUITests.debug.xcconfig */ = {isa = PBXFileReference; includeInIndex = 1; lastKnownFileType = text.xcconfig; name = "Pods-CarsListProjectUITests.debug.xcconfig"; path = "Pods/Target Support Files/Pods-CarsListProjectUITests/Pods-CarsListProjectUITests.debug.xcconfig"; sourceTree = "<group>"; };
		3BD7C6F6D562E37A7F410423 /* Pods_CarsListProjectTests.framework */ = {isa = PBXFileReference; explicitFileType = wrapper.framework; includeInIndex = 0; path = Pods_CarsListProjectTests.framework; sourceTree = BUILT_PRODUCTS_DIR; };
		6B3472707A261CF08BD0D0F3 /* Pods_CarsListProject.framework */ = {isa = PBXFileReference; explicitFileType = wrapper.framework; includeInIndex = 0; path = Pods_CarsListProject.framework; sourceTree = BUILT_PRODUCTS_DIR; };
		7A69EDD070B0FD6A7B9F5544 /* Pods-CarsListProject.debug.xcconfig */ = {isa = PBXFileReference; includeInIndex = 1; lastKnownFileType = text.xcconfig; name = "Pods-CarsListProject.debug.xcconfig"; path = "Pods/Target Support Files/Pods-CarsListProject/Pods-CarsListProject.debug.xcconfig"; sourceTree = "<group>"; };
		8143330458274F28E9AE120D /* Pods_CarsListProjectUITests.framework */ = {isa = PBXFileReference; explicitFileType = wrapper.framework; includeInIndex = 0; path = Pods_CarsListProjectUITests.framework; sourceTree = BUILT_PRODUCTS_DIR; };
		B98DE554601ABAB1A6A2563E /* Pods-CarsListProjectTests.debug.xcconfig */ = {isa = PBXFileReference; includeInIndex = 1; lastKnownFileType = text.xcconfig; name = "Pods-CarsListProjectTests.debug.xcconfig"; path = "Pods/Target Support Files/Pods-CarsListProjectTests/Pods-CarsListProjectTests.debug.xcconfig"; sourceTree = "<group>"; };
		BD604DB1AA65A0580BBBD981 /* Pods-CarsListProjectUITests.release.xcconfig */ = {isa = PBXFileReference; includeInIndex = 1; lastKnownFileType = text.xcconfig; name = "Pods-CarsListProjectUITests.release.xcconfig"; path = "Pods/Target Support Files/Pods-CarsListProjectUITests/Pods-CarsListProjectUITests.release.xcconfig"; sourceTree = "<group>"; };
		D10159DE20F3F5C2007D790D /* CarsListProject.app */ = {isa = PBXFileReference; explicitFileType = wrapper.application; includeInIndex = 0; path = CarsListProject.app; sourceTree = BUILT_PRODUCTS_DIR; };
		D10159E120F3F5C2007D790D /* AppDelegate.swift */ = {isa = PBXFileReference; lastKnownFileType = sourcecode.swift; path = AppDelegate.swift; sourceTree = "<group>"; };
		D10159E320F3F5C2007D790D /* CarDetailsVC.swift */ = {isa = PBXFileReference; lastKnownFileType = sourcecode.swift; path = CarDetailsVC.swift; sourceTree = "<group>"; };
		D10159E620F3F5C2007D790D /* Base */ = {isa = PBXFileReference; lastKnownFileType = file.storyboard; name = Base; path = Base.lproj/Main.storyboard; sourceTree = "<group>"; };
		D10159E820F3F5C2007D790D /* Assets.xcassets */ = {isa = PBXFileReference; lastKnownFileType = folder.assetcatalog; path = Assets.xcassets; sourceTree = "<group>"; };
		D10159EB20F3F5C2007D790D /* Base */ = {isa = PBXFileReference; lastKnownFileType = file.storyboard; name = Base; path = Base.lproj/LaunchScreen.storyboard; sourceTree = "<group>"; };
		D10159ED20F3F5C2007D790D /* Info.plist */ = {isa = PBXFileReference; lastKnownFileType = text.plist.xml; path = Info.plist; sourceTree = "<group>"; };
		D10159F220F3F5C2007D790D /* CarsListProjectTests.xctest */ = {isa = PBXFileReference; explicitFileType = wrapper.cfbundle; includeInIndex = 0; path = CarsListProjectTests.xctest; sourceTree = BUILT_PRODUCTS_DIR; };
		D10159F620F3F5C2007D790D /* CarsListProjectTests.swift */ = {isa = PBXFileReference; lastKnownFileType = sourcecode.swift; path = CarsListProjectTests.swift; sourceTree = "<group>"; };
		D10159F820F3F5C2007D790D /* Info.plist */ = {isa = PBXFileReference; lastKnownFileType = text.plist.xml; path = Info.plist; sourceTree = "<group>"; };
		D10159FD20F3F5C2007D790D /* CarsListProjectUITests.xctest */ = {isa = PBXFileReference; explicitFileType = wrapper.cfbundle; includeInIndex = 0; path = CarsListProjectUITests.xctest; sourceTree = BUILT_PRODUCTS_DIR; };
		D1015A0120F3F5C2007D790D /* CarsListProjectUITests.swift */ = {isa = PBXFileReference; lastKnownFileType = sourcecode.swift; path = CarsListProjectUITests.swift; sourceTree = "<group>"; };
		D1015A0320F3F5C2007D790D /* Info.plist */ = {isa = PBXFileReference; lastKnownFileType = text.plist.xml; path = Info.plist; sourceTree = "<group>"; };
		D1015A0F20F3F779007D790D /* CarListVC.swift */ = {isa = PBXFileReference; lastKnownFileType = sourcecode.swift; path = CarListVC.swift; sourceTree = "<group>"; };
		D1015A1220F3F7BA007D790D /* CarCell.swift */ = {isa = PBXFileReference; lastKnownFileType = sourcecode.swift; path = CarCell.swift; sourceTree = "<group>"; };
		D1015A1320F3F7BA007D790D /* CarCell.xib */ = {isa = PBXFileReference; lastKnownFileType = file.xib; path = CarCell.xib; sourceTree = "<group>"; };
		D1015A1720F3F818007D790D /* CarModel.swift */ = {isa = PBXFileReference; lastKnownFileType = sourcecode.swift; path = CarModel.swift; sourceTree = "<group>"; };
		D1172AEC20F3FFED00D0247C /* DAO.swift */ = {isa = PBXFileReference; lastKnownFileType = sourcecode.swift; path = DAO.swift; sourceTree = "<group>"; };
		D1172AF020F4001B00D0247C /* ApiClient.swift */ = {isa = PBXFileReference; lastKnownFileType = sourcecode.swift; path = ApiClient.swift; sourceTree = "<group>"; };
		D1172AF320F6BB2900D0247C /* Box.swift */ = {isa = PBXFileReference; lastKnownFileType = sourcecode.swift; path = Box.swift; sourceTree = "<group>"; };
		D18F815320FBE697008FF698 /* StaticStrings.swift */ = {isa = PBXFileReference; lastKnownFileType = sourcecode.swift; path = StaticStrings.swift; sourceTree = "<group>"; };
		D18F815520FBE7EF008FF698 /* UIViewController + Util.swift */ = {isa = PBXFileReference; lastKnownFileType = sourcecode.swift; path = "UIViewController + Util.swift"; sourceTree = "<group>"; };
		D1D1623720FA10C300DBA397 /* CarListVM.swift */ = {isa = PBXFileReference; lastKnownFileType = sourcecode.swift; path = CarListVM.swift; sourceTree = "<group>"; };
		D1D1623920FA169500DBA397 /* CarCellVM.swift */ = {isa = PBXFileReference; lastKnownFileType = sourcecode.swift; path = CarCellVM.swift; sourceTree = "<group>"; };
		D1DC637620FA68B50090B7F1 /* CarDetailsVM.swift */ = {isa = PBXFileReference; lastKnownFileType = sourcecode.swift; path = CarDetailsVM.swift; sourceTree = "<group>"; };
		D1DC637820FA77FF0090B7F1 /* AddCarVC.swift */ = {isa = PBXFileReference; lastKnownFileType = sourcecode.swift; path = AddCarVC.swift; sourceTree = "<group>"; };
		D1DC637A20FAA7C40090B7F1 /* AddCarVM.swift */ = {isa = PBXFileReference; lastKnownFileType = sourcecode.swift; path = AddCarVM.swift; sourceTree = "<group>"; };
		D1DC637D20FB37E30090B7F1 /* TypeConverter.swift */ = {isa = PBXFileReference; lastKnownFileType = sourcecode.swift; path = TypeConverter.swift; sourceTree = "<group>"; };
		D1DC637F20FBA8C50090B7F1 /* State.swift */ = {isa = PBXFileReference; lastKnownFileType = sourcecode.swift; path = State.swift; sourceTree = "<group>"; };
/* End PBXFileReference section */

/* Begin PBXFrameworksBuildPhase section */
		D10159DB20F3F5C2007D790D /* Frameworks */ = {
			isa = PBXFrameworksBuildPhase;
			buildActionMask = 2147483647;
			files = (
				D497A7562224FF964776E20F /* Pods_CarsListProject.framework in Frameworks */,
			);
			runOnlyForDeploymentPostprocessing = 0;
		};
		D10159EF20F3F5C2007D790D /* Frameworks */ = {
			isa = PBXFrameworksBuildPhase;
			buildActionMask = 2147483647;
			files = (
				F1E9F67BFB984DE380A4F8C3 /* Pods_CarsListProjectTests.framework in Frameworks */,
			);
			runOnlyForDeploymentPostprocessing = 0;
		};
		D10159FA20F3F5C2007D790D /* Frameworks */ = {
			isa = PBXFrameworksBuildPhase;
			buildActionMask = 2147483647;
			files = (
				BA1732C3132A8DC3641EF321 /* Pods_CarsListProjectUITests.framework in Frameworks */,
			);
			runOnlyForDeploymentPostprocessing = 0;
		};
/* End PBXFrameworksBuildPhase section */

/* Begin PBXGroup section */
		3AA3B7D8538DAB8896BB95C4 /* Pods */ = {
			isa = PBXGroup;
			children = (
				7A69EDD070B0FD6A7B9F5544 /* Pods-CarsListProject.debug.xcconfig */,
				20996C0D1081D665EB411E93 /* Pods-CarsListProject.release.xcconfig */,
				B98DE554601ABAB1A6A2563E /* Pods-CarsListProjectTests.debug.xcconfig */,
				23F16830155931E26161F882 /* Pods-CarsListProjectTests.release.xcconfig */,
				2E3328C86D3503229C1EC6E1 /* Pods-CarsListProjectUITests.debug.xcconfig */,
				BD604DB1AA65A0580BBBD981 /* Pods-CarsListProjectUITests.release.xcconfig */,
			);
			name = Pods;
			sourceTree = "<group>";
		};
		ADF50F2E6138851C59001F1A /* Frameworks */ = {
			isa = PBXGroup;
			children = (
				6B3472707A261CF08BD0D0F3 /* Pods_CarsListProject.framework */,
				3BD7C6F6D562E37A7F410423 /* Pods_CarsListProjectTests.framework */,
				8143330458274F28E9AE120D /* Pods_CarsListProjectUITests.framework */,
			);
			name = Frameworks;
			sourceTree = "<group>";
		};
		D10159D520F3F5C2007D790D = {
			isa = PBXGroup;
			children = (
				D10159E020F3F5C2007D790D /* CarsListProject */,
				D10159F520F3F5C2007D790D /* CarsListProjectTests */,
				D1015A0020F3F5C2007D790D /* CarsListProjectUITests */,
				D10159DF20F3F5C2007D790D /* Products */,
				3AA3B7D8538DAB8896BB95C4 /* Pods */,
				ADF50F2E6138851C59001F1A /* Frameworks */,
			);
			sourceTree = "<group>";
		};
		D10159DF20F3F5C2007D790D /* Products */ = {
			isa = PBXGroup;
			children = (
				D10159DE20F3F5C2007D790D /* CarsListProject.app */,
				D10159F220F3F5C2007D790D /* CarsListProjectTests.xctest */,
				D10159FD20F3F5C2007D790D /* CarsListProjectUITests.xctest */,
			);
			name = Products;
			sourceTree = "<group>";
		};
		D10159E020F3F5C2007D790D /* CarsListProject */ = {
			isa = PBXGroup;
			children = (
				D10159ED20F3F5C2007D790D /* Info.plist */,
				D10159E120F3F5C2007D790D /* AppDelegate.swift */,
				D1172AF320F6BB2900D0247C /* Box.swift */,
				D10159E520F3F5C2007D790D /* Main.storyboard */,
				D1172AEE20F3FFF500D0247C /* Controller */,
				D1172AEF20F4000100D0247C /* View */,
				D1172AF220F6B31C00D0247C /* ViewModel */,
				D1015A1620F3F807007D790D /* Model */,
				D1DC637C20FB37CD0090B7F1 /* Util */,
				D1D1623620F6BCCE00DBA397 /* SupportingFiles */,
			);
			path = CarsListProject;
			sourceTree = "<group>";
		};
		D10159F520F3F5C2007D790D /* CarsListProjectTests */ = {
			isa = PBXGroup;
			children = (
				D10159F620F3F5C2007D790D /* CarsListProjectTests.swift */,
				D10159F820F3F5C2007D790D /* Info.plist */,
			);
			path = CarsListProjectTests;
			sourceTree = "<group>";
		};
		D1015A0020F3F5C2007D790D /* CarsListProjectUITests */ = {
			isa = PBXGroup;
			children = (
				D1015A0120F3F5C2007D790D /* CarsListProjectUITests.swift */,
				D1015A0320F3F5C2007D790D /* Info.plist */,
			);
			path = CarsListProjectUITests;
			sourceTree = "<group>";
		};
		D1015A1620F3F807007D790D /* Model */ = {
			isa = PBXGroup;
			children = (
				D1015A1720F3F818007D790D /* CarModel.swift */,
			);
			path = Model;
			sourceTree = "<group>";
		};
		D1172AEE20F3FFF500D0247C /* Controller */ = {
			isa = PBXGroup;
			children = (
				D1172AEC20F3FFED00D0247C /* DAO.swift */,
				D1172AF020F4001B00D0247C /* ApiClient.swift */,
			);
			path = Controller;
			sourceTree = "<group>";
		};
		D1172AEF20F4000100D0247C /* View */ = {
			isa = PBXGroup;
			children = (
				D1015A0F20F3F779007D790D /* CarListVC.swift */,
				D1DC637820FA77FF0090B7F1 /* AddCarVC.swift */,
				D10159E320F3F5C2007D790D /* CarDetailsVC.swift */,
				D1015A1220F3F7BA007D790D /* CarCell.swift */,
				D1015A1320F3F7BA007D790D /* CarCell.xib */,
			);
			name = View;
			path = "View Controller";
			sourceTree = "<group>";
		};
		D1172AF220F6B31C00D0247C /* ViewModel */ = {
			isa = PBXGroup;
			children = (
				D1D1623720FA10C300DBA397 /* CarListVM.swift */,
				D1DC637A20FAA7C40090B7F1 /* AddCarVM.swift */,
				D1DC637620FA68B50090B7F1 /* CarDetailsVM.swift */,
				D1D1623920FA169500DBA397 /* CarCellVM.swift */,
			);
			path = ViewModel;
			sourceTree = "<group>";
		};
		D1D1623620F6BCCE00DBA397 /* SupportingFiles */ = {
			isa = PBXGroup;
			children = (
				D10159EA20F3F5C2007D790D /* LaunchScreen.storyboard */,
				D10159E820F3F5C2007D790D /* Assets.xcassets */,
			);
			path = SupportingFiles;
			sourceTree = "<group>";
		};
		D1DC637C20FB37CD0090B7F1 /* Util */ = {
			isa = PBXGroup;
			children = (
				D1DC637D20FB37E30090B7F1 /* TypeConverter.swift */,
				D1DC637F20FBA8C50090B7F1 /* State.swift */,
				D18F815320FBE697008FF698 /* StaticStrings.swift */,
				D18F815520FBE7EF008FF698 /* UIViewController + Util.swift */,
			);
			path = Util;
			sourceTree = "<group>";
		};
/* End PBXGroup section */

/* Begin PBXNativeTarget section */
		D10159DD20F3F5C2007D790D /* CarsListProject */ = {
			isa = PBXNativeTarget;
			buildConfigurationList = D1015A0620F3F5C2007D790D /* Build configuration list for PBXNativeTarget "CarsListProject" */;
			buildPhases = (
				B8D02AB16E824E3789E77214 /* [CP] Check Pods Manifest.lock */,
				D10159DA20F3F5C2007D790D /* Sources */,
				D10159DB20F3F5C2007D790D /* Frameworks */,
				D10159DC20F3F5C2007D790D /* Resources */,
				3313062A920B90401DD7DF94 /* [CP] Embed Pods Frameworks */,
			);
			buildRules = (
			);
			dependencies = (
			);
			name = CarsListProject;
			productName = CarsListProject;
			productReference = D10159DE20F3F5C2007D790D /* CarsListProject.app */;
			productType = "com.apple.product-type.application";
		};
		D10159F120F3F5C2007D790D /* CarsListProjectTests */ = {
			isa = PBXNativeTarget;
			buildConfigurationList = D1015A0920F3F5C2007D790D /* Build configuration list for PBXNativeTarget "CarsListProjectTests" */;
			buildPhases = (
				A324D6BBABFE10CEE22213F4 /* [CP] Check Pods Manifest.lock */,
				D10159EE20F3F5C2007D790D /* Sources */,
				D10159EF20F3F5C2007D790D /* Frameworks */,
				D10159F020F3F5C2007D790D /* Resources */,
			);
			buildRules = (
			);
			dependencies = (
				D10159F420F3F5C2007D790D /* PBXTargetDependency */,
			);
			name = CarsListProjectTests;
			productName = CarsListProjectTests;
			productReference = D10159F220F3F5C2007D790D /* CarsListProjectTests.xctest */;
			productType = "com.apple.product-type.bundle.unit-test";
		};
		D10159FC20F3F5C2007D790D /* CarsListProjectUITests */ = {
			isa = PBXNativeTarget;
			buildConfigurationList = D1015A0C20F3F5C2007D790D /* Build configuration list for PBXNativeTarget "CarsListProjectUITests" */;
			buildPhases = (
				063CE9D905DDB20DF1B164C5 /* [CP] Check Pods Manifest.lock */,
				D10159F920F3F5C2007D790D /* Sources */,
				D10159FA20F3F5C2007D790D /* Frameworks */,
				D10159FB20F3F5C2007D790D /* Resources */,
			);
			buildRules = (
			);
			dependencies = (
				D10159FF20F3F5C2007D790D /* PBXTargetDependency */,
			);
			name = CarsListProjectUITests;
			productName = CarsListProjectUITests;
			productReference = D10159FD20F3F5C2007D790D /* CarsListProjectUITests.xctest */;
			productType = "com.apple.product-type.bundle.ui-testing";
		};
/* End PBXNativeTarget section */

/* Begin PBXProject section */
		D10159D620F3F5C2007D790D /* Project object */ = {
			isa = PBXProject;
			attributes = {
				LastSwiftUpdateCheck = 0900;
				LastUpgradeCheck = 0900;
				ORGANIZATIONNAME = MGOLLI;
				TargetAttributes = {
					D10159DD20F3F5C2007D790D = {
						CreatedOnToolsVersion = 9.0;
						ProvisioningStyle = Automatic;
					};
					D10159F120F3F5C2007D790D = {
						CreatedOnToolsVersion = 9.0;
						ProvisioningStyle = Automatic;
						TestTargetID = D10159DD20F3F5C2007D790D;
					};
					D10159FC20F3F5C2007D790D = {
						CreatedOnToolsVersion = 9.0;
						ProvisioningStyle = Automatic;
						TestTargetID = D10159DD20F3F5C2007D790D;
					};
				};
			};
			buildConfigurationList = D10159D920F3F5C2007D790D /* Build configuration list for PBXProject "CarsListProject" */;
			compatibilityVersion = "Xcode 8.0";
			developmentRegion = en;
			hasScannedForEncodings = 0;
			knownRegions = (
				en,
				Base,
			);
			mainGroup = D10159D520F3F5C2007D790D;
			productRefGroup = D10159DF20F3F5C2007D790D /* Products */;
			projectDirPath = "";
			projectRoot = "";
			targets = (
				D10159DD20F3F5C2007D790D /* CarsListProject */,
				D10159F120F3F5C2007D790D /* CarsListProjectTests */,
				D10159FC20F3F5C2007D790D /* CarsListProjectUITests */,
			);
		};
/* End PBXProject section */

/* Begin PBXResourcesBuildPhase section */
		D10159DC20F3F5C2007D790D /* Resources */ = {
			isa = PBXResourcesBuildPhase;
			buildActionMask = 2147483647;
			files = (
				D10159EC20F3F5C2007D790D /* LaunchScreen.storyboard in Resources */,
				D10159E920F3F5C2007D790D /* Assets.xcassets in Resources */,
				D1015A1520F3F7BA007D790D /* CarCell.xib in Resources */,
				D10159E720F3F5C2007D790D /* Main.storyboard in Resources */,
			);
			runOnlyForDeploymentPostprocessing = 0;
		};
		D10159F020F3F5C2007D790D /* Resources */ = {
			isa = PBXResourcesBuildPhase;
			buildActionMask = 2147483647;
			files = (
			);
			runOnlyForDeploymentPostprocessing = 0;
		};
		D10159FB20F3F5C2007D790D /* Resources */ = {
			isa = PBXResourcesBuildPhase;
			buildActionMask = 2147483647;
			files = (
			);
			runOnlyForDeploymentPostprocessing = 0;
		};
/* End PBXResourcesBuildPhase section */

/* Begin PBXShellScriptBuildPhase section */
		063CE9D905DDB20DF1B164C5 /* [CP] Check Pods Manifest.lock */ = {
			isa = PBXShellScriptBuildPhase;
			buildActionMask = 2147483647;
			files = (
			);
			inputPaths = (
				"${PODS_PODFILE_DIR_PATH}/Podfile.lock",
				"${PODS_ROOT}/Manifest.lock",
			);
			name = "[CP] Check Pods Manifest.lock";
			outputPaths = (
				"$(DERIVED_FILE_DIR)/Pods-CarsListProjectUITests-checkManifestLockResult.txt",
			);
			runOnlyForDeploymentPostprocessing = 0;
			shellPath = /bin/sh;
			shellScript = "diff \"${PODS_PODFILE_DIR_PATH}/Podfile.lock\" \"${PODS_ROOT}/Manifest.lock\" > /dev/null\nif [ $? != 0 ] ; then\n    # print error to STDERR\n    echo \"error: The sandbox is not in sync with the Podfile.lock. Run 'pod install' or update your CocoaPods installation.\" >&2\n    exit 1\nfi\n# This output is used by Xcode 'outputs' to avoid re-running this script phase.\necho \"SUCCESS\" > \"${SCRIPT_OUTPUT_FILE_0}\"\n";
			showEnvVarsInLog = 0;
		};
		3313062A920B90401DD7DF94 /* [CP] Embed Pods Frameworks */ = {
			isa = PBXShellScriptBuildPhase;
			buildActionMask = 2147483647;
			files = (
			);
			inputPaths = (
				"${SRCROOT}/Pods/Target Support Files/Pods-CarsListProject/Pods-CarsListProject-frameworks.sh",
				"${BUILT_PRODUCTS_DIR}/Alamofire/Alamofire.framework",
				"${BUILT_PRODUCTS_DIR}/NVActivityIndicatorView/NVActivityIndicatorView.framework",
				"${BUILT_PRODUCTS_DIR}/SwiftyJSON/SwiftyJSON.framework",
			);
			name = "[CP] Embed Pods Frameworks";
			outputPaths = (
				"${TARGET_BUILD_DIR}/${FRAMEWORKS_FOLDER_PATH}/Alamofire.framework",
				"${TARGET_BUILD_DIR}/${FRAMEWORKS_FOLDER_PATH}/NVActivityIndicatorView.framework",
				"${TARGET_BUILD_DIR}/${FRAMEWORKS_FOLDER_PATH}/SwiftyJSON.framework",
			);
			runOnlyForDeploymentPostprocessing = 0;
			shellPath = /bin/sh;
			shellScript = "\"${SRCROOT}/Pods/Target Support Files/Pods-CarsListProject/Pods-CarsListProject-frameworks.sh\"\n";
			showEnvVarsInLog = 0;
		};
		A324D6BBABFE10CEE22213F4 /* [CP] Check Pods Manifest.lock */ = {
			isa = PBXShellScriptBuildPhase;
			buildActionMask = 2147483647;
			files = (
			);
			inputPaths = (
				"${PODS_PODFILE_DIR_PATH}/Podfile.lock",
				"${PODS_ROOT}/Manifest.lock",
			);
			name = "[CP] Check Pods Manifest.lock";
			outputPaths = (
				"$(DERIVED_FILE_DIR)/Pods-CarsListProjectTests-checkManifestLockResult.txt",
			);
			runOnlyForDeploymentPostprocessing = 0;
			shellPath = /bin/sh;
			shellScript = "diff \"${PODS_PODFILE_DIR_PATH}/Podfile.lock\" \"${PODS_ROOT}/Manifest.lock\" > /dev/null\nif [ $? != 0 ] ; then\n    # print error to STDERR\n    echo \"error: The sandbox is not in sync with the Podfile.lock. Run 'pod install' or update your CocoaPods installation.\" >&2\n    exit 1\nfi\n# This output is used by Xcode 'outputs' to avoid re-running this script phase.\necho \"SUCCESS\" > \"${SCRIPT_OUTPUT_FILE_0}\"\n";
			showEnvVarsInLog = 0;
		};
		B8D02AB16E824E3789E77214 /* [CP] Check Pods Manifest.lock */ = {
			isa = PBXShellScriptBuildPhase;
			buildActionMask = 2147483647;
			files = (
			);
			inputPaths = (
				"${PODS_PODFILE_DIR_PATH}/Podfile.lock",
				"${PODS_ROOT}/Manifest.lock",
			);
			name = "[CP] Check Pods Manifest.lock";
			outputPaths = (
				"$(DERIVED_FILE_DIR)/Pods-CarsListProject-checkManifestLockResult.txt",
			);
			runOnlyForDeploymentPostprocessing = 0;
			shellPath = /bin/sh;
			shellScript = "diff \"${PODS_PODFILE_DIR_PATH}/Podfile.lock\" \"${PODS_ROOT}/Manifest.lock\" > /dev/null\nif [ $? != 0 ] ; then\n    # print error to STDERR\n    echo \"error: The sandbox is not in sync with the Podfile.lock. Run 'pod install' or update your CocoaPods installation.\" >&2\n    exit 1\nfi\n# This output is used by Xcode 'outputs' to avoid re-running this script phase.\necho \"SUCCESS\" > \"${SCRIPT_OUTPUT_FILE_0}\"\n";
			showEnvVarsInLog = 0;
		};
/* End PBXShellScriptBuildPhase section */

/* Begin PBXSourcesBuildPhase section */
		D10159DA20F3F5C2007D790D /* Sources */ = {
			isa = PBXSourcesBuildPhase;
			buildActionMask = 2147483647;
			files = (
				D18F815420FBE697008FF698 /* StaticStrings.swift in Sources */,
				D1172AED20F3FFED00D0247C /* DAO.swift in Sources */,
				D1015A1820F3F818007D790D /* CarModel.swift in Sources */,
				D1015A1020F3F779007D790D /* CarListVC.swift in Sources */,
				D10159E420F3F5C2007D790D /* CarDetailsVC.swift in Sources */,
				D1DC637E20FB37E30090B7F1 /* TypeConverter.swift in Sources */,
				D18F815620FBE7EF008FF698 /* UIViewController + Util.swift in Sources */,
				D1DC637720FA68B50090B7F1 /* CarDetailsVM.swift in Sources */,
				D1DC637B20FAA7C40090B7F1 /* AddCarVM.swift in Sources */,
				D1DC637920FA77FF0090B7F1 /* AddCarVC.swift in Sources */,
				D1DC638020FBA8C50090B7F1 /* State.swift in Sources */,
				D1015A1420F3F7BA007D790D /* CarCell.swift in Sources */,
				D1D1623A20FA169500DBA397 /* CarCellVM.swift in Sources */,
				D1172AF420F6BB2900D0247C /* Box.swift in Sources */,
				D1172AF120F4001B00D0247C /* ApiClient.swift in Sources */,
				D10159E220F3F5C2007D790D /* AppDelegate.swift in Sources */,
				D1D1623820FA10C300DBA397 /* CarListVM.swift in Sources */,
			);
			runOnlyForDeploymentPostprocessing = 0;
		};
		D10159EE20F3F5C2007D790D /* Sources */ = {
			isa = PBXSourcesBuildPhase;
			buildActionMask = 2147483647;
			files = (
				D10159F720F3F5C2007D790D /* CarsListProjectTests.swift in Sources */,
			);
			runOnlyForDeploymentPostprocessing = 0;
		};
		D10159F920F3F5C2007D790D /* Sources */ = {
			isa = PBXSourcesBuildPhase;
			buildActionMask = 2147483647;
			files = (
				D1015A0220F3F5C2007D790D /* CarsListProjectUITests.swift in Sources */,
			);
			runOnlyForDeploymentPostprocessing = 0;
		};
/* End PBXSourcesBuildPhase section */

/* Begin PBXTargetDependency section */
		D10159F420F3F5C2007D790D /* PBXTargetDependency */ = {
			isa = PBXTargetDependency;
			target = D10159DD20F3F5C2007D790D /* CarsListProject */;
			targetProxy = D10159F320F3F5C2007D790D /* PBXContainerItemProxy */;
		};
		D10159FF20F3F5C2007D790D /* PBXTargetDependency */ = {
			isa = PBXTargetDependency;
			target = D10159DD20F3F5C2007D790D /* CarsListProject */;
			targetProxy = D10159FE20F3F5C2007D790D /* PBXContainerItemProxy */;
		};
/* End PBXTargetDependency section */

/* Begin PBXVariantGroup section */
		D10159E520F3F5C2007D790D /* Main.storyboard */ = {
			isa = PBXVariantGroup;
			children = (
				D10159E620F3F5C2007D790D /* Base */,
			);
			name = Main.storyboard;
			sourceTree = "<group>";
		};
		D10159EA20F3F5C2007D790D /* LaunchScreen.storyboard */ = {
			isa = PBXVariantGroup;
			children = (
				D10159EB20F3F5C2007D790D /* Base */,
			);
			name = LaunchScreen.storyboard;
			sourceTree = "<group>";
		};
/* End PBXVariantGroup section */

/* Begin XCBuildConfiguration section */
		D1015A0420F3F5C2007D790D /* Debug */ = {
			isa = XCBuildConfiguration;
			buildSettings = {
				ALWAYS_SEARCH_USER_PATHS = NO;
				CLANG_ANALYZER_NONNULL = YES;
				CLANG_ANALYZER_NUMBER_OBJECT_CONVERSION = YES_AGGRESSIVE;
				CLANG_CXX_LANGUAGE_STANDARD = "gnu++14";
				CLANG_CXX_LIBRARY = "libc++";
				CLANG_ENABLE_MODULES = YES;
				CLANG_ENABLE_OBJC_ARC = YES;
				CLANG_WARN_BLOCK_CAPTURE_AUTORELEASING = YES;
				CLANG_WARN_BOOL_CONVERSION = YES;
				CLANG_WARN_COMMA = YES;
				CLANG_WARN_CONSTANT_CONVERSION = YES;
				CLANG_WARN_DIRECT_OBJC_ISA_USAGE = YES_ERROR;
				CLANG_WARN_DOCUMENTATION_COMMENTS = YES;
				CLANG_WARN_EMPTY_BODY = YES;
				CLANG_WARN_ENUM_CONVERSION = YES;
				CLANG_WARN_INFINITE_RECURSION = YES;
				CLANG_WARN_INT_CONVERSION = YES;
				CLANG_WARN_NON_LITERAL_NULL_CONVERSION = YES;
				CLANG_WARN_OBJC_LITERAL_CONVERSION = YES;
				CLANG_WARN_OBJC_ROOT_CLASS = YES_ERROR;
				CLANG_WARN_RANGE_LOOP_ANALYSIS = YES;
				CLANG_WARN_STRICT_PROTOTYPES = YES;
				CLANG_WARN_SUSPICIOUS_MOVE = YES;
				CLANG_WARN_UNGUARDED_AVAILABILITY = YES_AGGRESSIVE;
				CLANG_WARN_UNREACHABLE_CODE = YES;
				CLANG_WARN__DUPLICATE_METHOD_MATCH = YES;
				CODE_SIGN_IDENTITY = "iPhone Developer";
				COPY_PHASE_STRIP = NO;
				DEBUG_INFORMATION_FORMAT = dwarf;
				ENABLE_STRICT_OBJC_MSGSEND = YES;
				ENABLE_TESTABILITY = YES;
				GCC_C_LANGUAGE_STANDARD = gnu11;
				GCC_DYNAMIC_NO_PIC = NO;
				GCC_NO_COMMON_BLOCKS = YES;
				GCC_OPTIMIZATION_LEVEL = 0;
				GCC_PREPROCESSOR_DEFINITIONS = (
					"DEBUG=1",
					"$(inherited)",
				);
				GCC_WARN_64_TO_32_BIT_CONVERSION = YES;
				GCC_WARN_ABOUT_RETURN_TYPE = YES_ERROR;
				GCC_WARN_UNDECLARED_SELECTOR = YES;
				GCC_WARN_UNINITIALIZED_AUTOS = YES_AGGRESSIVE;
				GCC_WARN_UNUSED_FUNCTION = YES;
				GCC_WARN_UNUSED_VARIABLE = YES;
				IPHONEOS_DEPLOYMENT_TARGET = 11.0;
				MTL_ENABLE_DEBUG_INFO = YES;
				ONLY_ACTIVE_ARCH = YES;
				SDKROOT = iphoneos;
				SWIFT_ACTIVE_COMPILATION_CONDITIONS = DEBUG;
				SWIFT_OPTIMIZATION_LEVEL = "-Onone";
			};
			name = Debug;
		};
		D1015A0520F3F5C2007D790D /* Release */ = {
			isa = XCBuildConfiguration;
			buildSettings = {
				ALWAYS_SEARCH_USER_PATHS = NO;
				CLANG_ANALYZER_NONNULL = YES;
				CLANG_ANALYZER_NUMBER_OBJECT_CONVERSION = YES_AGGRESSIVE;
				CLANG_CXX_LANGUAGE_STANDARD = "gnu++14";
				CLANG_CXX_LIBRARY = "libc++";
				CLANG_ENABLE_MODULES = YES;
				CLANG_ENABLE_OBJC_ARC = YES;
				CLANG_WARN_BLOCK_CAPTURE_AUTORELEASING = YES;
				CLANG_WARN_BOOL_CONVERSION = YES;
				CLANG_WARN_COMMA = YES;
				CLANG_WARN_CONSTANT_CONVERSION = YES;
				CLANG_WARN_DIRECT_OBJC_ISA_USAGE = YES_ERROR;
				CLANG_WARN_DOCUMENTATION_COMMENTS = YES;
				CLANG_WARN_EMPTY_BODY = YES;
				CLANG_WARN_ENUM_CONVERSION = YES;
				CLANG_WARN_INFINITE_RECURSION = YES;
				CLANG_WARN_INT_CONVERSION = YES;
				CLANG_WARN_NON_LITERAL_NULL_CONVERSION = YES;
				CLANG_WARN_OBJC_LITERAL_CONVERSION = YES;
				CLANG_WARN_OBJC_ROOT_CLASS = YES_ERROR;
				CLANG_WARN_RANGE_LOOP_ANALYSIS = YES;
				CLANG_WARN_STRICT_PROTOTYPES = YES;
				CLANG_WARN_SUSPICIOUS_MOVE = YES;
				CLANG_WARN_UNGUARDED_AVAILABILITY = YES_AGGRESSIVE;
				CLANG_WARN_UNREACHABLE_CODE = YES;
				CLANG_WARN__DUPLICATE_METHOD_MATCH = YES;
				CODE_SIGN_IDENTITY = "iPhone Developer";
				COPY_PHASE_STRIP = NO;
				DEBUG_INFORMATION_FORMAT = "dwarf-with-dsym";
				ENABLE_NS_ASSERTIONS = NO;
				ENABLE_STRICT_OBJC_MSGSEND = YES;
				GCC_C_LANGUAGE_STANDARD = gnu11;
				GCC_NO_COMMON_BLOCKS = YES;
				GCC_WARN_64_TO_32_BIT_CONVERSION = YES;
				GCC_WARN_ABOUT_RETURN_TYPE = YES_ERROR;
				GCC_WARN_UNDECLARED_SELECTOR = YES;
				GCC_WARN_UNINITIALIZED_AUTOS = YES_AGGRESSIVE;
				GCC_WARN_UNUSED_FUNCTION = YES;
				GCC_WARN_UNUSED_VARIABLE = YES;
				IPHONEOS_DEPLOYMENT_TARGET = 11.0;
				MTL_ENABLE_DEBUG_INFO = NO;
				SDKROOT = iphoneos;
				SWIFT_OPTIMIZATION_LEVEL = "-Owholemodule";
				VALIDATE_PRODUCT = YES;
			};
			name = Release;
		};
		D1015A0720F3F5C2007D790D /* Debug */ = {
			isa = XCBuildConfiguration;
			baseConfigurationReference = 7A69EDD070B0FD6A7B9F5544 /* Pods-CarsListProject.debug.xcconfig */;
			buildSettings = {
				ASSETCATALOG_COMPILER_APPICON_NAME = AppIcon;
				CODE_SIGN_STYLE = Automatic;
				INFOPLIST_FILE = CarsListProject/Info.plist;
				LD_RUNPATH_SEARCH_PATHS = "$(inherited) @executable_path/Frameworks";
				PRODUCT_BUNDLE_IDENTIFIER = pl.golli.CarsListProject;
				PRODUCT_NAME = "$(TARGET_NAME)";
				SWIFT_VERSION = 4.0;
				TARGETED_DEVICE_FAMILY = "1,2";
			};
			name = Debug;
		};
		D1015A0820F3F5C2007D790D /* Release */ = {
			isa = XCBuildConfiguration;
			baseConfigurationReference = 20996C0D1081D665EB411E93 /* Pods-CarsListProject.release.xcconfig */;
			buildSettings = {
				ASSETCATALOG_COMPILER_APPICON_NAME = AppIcon;
				CODE_SIGN_STYLE = Automatic;
				INFOPLIST_FILE = CarsListProject/Info.plist;
				LD_RUNPATH_SEARCH_PATHS = "$(inherited) @executable_path/Frameworks";
				PRODUCT_BUNDLE_IDENTIFIER = pl.golli.CarsListProject;
				PRODUCT_NAME = "$(TARGET_NAME)";
				SWIFT_VERSION = 4.0;
				TARGETED_DEVICE_FAMILY = "1,2";
			};
			name = Release;
		};
		D1015A0A20F3F5C2007D790D /* Debug */ = {
			isa = XCBuildConfiguration;
			baseConfigurationReference = B98DE554601ABAB1A6A2563E /* Pods-CarsListProjectTests.debug.xcconfig */;
			buildSettings = {
				ALWAYS_EMBED_SWIFT_STANDARD_LIBRARIES = YES;
				BUNDLE_LOADER = "$(TEST_HOST)";
				CODE_SIGN_STYLE = Automatic;
				INFOPLIST_FILE = CarsListProjectTests/Info.plist;
				LD_RUNPATH_SEARCH_PATHS = "$(inherited) @executable_path/Frameworks @loader_path/Frameworks";
				PRODUCT_BUNDLE_IDENTIFIER = pl.golli.CarsListProjectTests;
				PRODUCT_NAME = "$(TARGET_NAME)";
				SWIFT_VERSION = 4.0;
				TARGETED_DEVICE_FAMILY = "1,2";
				TEST_HOST = "$(BUILT_PRODUCTS_DIR)/CarsListProject.app/CarsListProject";
			};
			name = Debug;
		};
		D1015A0B20F3F5C2007D790D /* Release */ = {
			isa = XCBuildConfiguration;
			baseConfigurationReference = 23F16830155931E26161F882 /* Pods-CarsListProjectTests.release.xcconfig */;
			buildSettings = {
				ALWAYS_EMBED_SWIFT_STANDARD_LIBRARIES = YES;
				BUNDLE_LOADER = "$(TEST_HOST)";
				CODE_SIGN_STYLE = Automatic;
				INFOPLIST_FILE = CarsListProjectTests/Info.plist;
				LD_RUNPATH_SEARCH_PATHS = "$(inherited) @executable_path/Frameworks @loader_path/Frameworks";
				PRODUCT_BUNDLE_IDENTIFIER = pl.golli.CarsListProjectTests;
				PRODUCT_NAME = "$(TARGET_NAME)";
				SWIFT_VERSION = 4.0;
				TARGETED_DEVICE_FAMILY = "1,2";
				TEST_HOST = "$(BUILT_PRODUCTS_DIR)/CarsListProject.app/CarsListProject";
			};
			name = Release;
		};
		D1015A0D20F3F5C2007D790D /* Debug */ = {
			isa = XCBuildConfiguration;
			baseConfigurationReference = 2E3328C86D3503229C1EC6E1 /* Pods-CarsListProjectUITests.debug.xcconfig */;
			buildSettings = {
				ALWAYS_EMBED_SWIFT_STANDARD_LIBRARIES = YES;
				CODE_SIGN_STYLE = Automatic;
				INFOPLIST_FILE = CarsListProjectUITests/Info.plist;
				LD_RUNPATH_SEARCH_PATHS = "$(inherited) @executable_path/Frameworks @loader_path/Frameworks";
				PRODUCT_BUNDLE_IDENTIFIER = pl.golli.CarsListProjectUITests;
				PRODUCT_NAME = "$(TARGET_NAME)";
				SWIFT_VERSION = 4.0;
				TARGETED_DEVICE_FAMILY = "1,2";
				TEST_TARGET_NAME = CarsListProject;
			};
			name = Debug;
		};
		D1015A0E20F3F5C2007D790D /* Release */ = {
			isa = XCBuildConfiguration;
			baseConfigurationReference = BD604DB1AA65A0580BBBD981 /* Pods-CarsListProjectUITests.release.xcconfig */;
			buildSettings = {
				ALWAYS_EMBED_SWIFT_STANDARD_LIBRARIES = YES;
				CODE_SIGN_STYLE = Automatic;
				INFOPLIST_FILE = CarsListProjectUITests/Info.plist;
				LD_RUNPATH_SEARCH_PATHS = "$(inherited) @executable_path/Frameworks @loader_path/Frameworks";
				PRODUCT_BUNDLE_IDENTIFIER = pl.golli.CarsListProjectUITests;
				PRODUCT_NAME = "$(TARGET_NAME)";
				SWIFT_VERSION = 4.0;
				TARGETED_DEVICE_FAMILY = "1,2";
				TEST_TARGET_NAME = CarsListProject;
			};
			name = Release;
		};
/* End XCBuildConfiguration section */

/* Begin XCConfigurationList section */
		D10159D920F3F5C2007D790D /* Build configuration list for PBXProject "CarsListProject" */ = {
			isa = XCConfigurationList;
			buildConfigurations = (
				D1015A0420F3F5C2007D790D /* Debug */,
				D1015A0520F3F5C2007D790D /* Release */,
			);
			defaultConfigurationIsVisible = 0;
			defaultConfigurationName = Release;
		};
		D1015A0620F3F5C2007D790D /* Build configuration list for PBXNativeTarget "CarsListProject" */ = {
			isa = XCConfigurationList;
			buildConfigurations = (
				D1015A0720F3F5C2007D790D /* Debug */,
				D1015A0820F3F5C2007D790D /* Release */,
			);
			defaultConfigurationIsVisible = 0;
			defaultConfigurationName = Release;
		};
		D1015A0920F3F5C2007D790D /* Build configuration list for PBXNativeTarget "CarsListProjectTests" */ = {
			isa = XCConfigurationList;
			buildConfigurations = (
				D1015A0A20F3F5C2007D790D /* Debug */,
				D1015A0B20F3F5C2007D790D /* Release */,
			);
			defaultConfigurationIsVisible = 0;
			defaultConfigurationName = Release;
		};
		D1015A0C20F3F5C2007D790D /* Build configuration list for PBXNativeTarget "CarsListProjectUITests" */ = {
			isa = XCConfigurationList;
			buildConfigurations = (
				D1015A0D20F3F5C2007D790D /* Debug */,
				D1015A0E20F3F5C2007D790D /* Release */,
			);
			defaultConfigurationIsVisible = 0;
			defaultConfigurationName = Release;
		};
/* End XCConfigurationList section */
	};
	rootObject = D10159D620F3F5C2007D790D /* Project object */;
}
